{
  "lockfile_version": "1",
  "packages": {
    "gdal": {
      "resolved": "github:NixOS/nixpkgs/7d853e518814cca2a657b72eeba67ae20ebf7059?narHash=sha256-l%2FYGrEpLromL4viUo5GmFH3K5M1j0Mb9O%2BLiaeCPWEM%3D#gdal",
      "source": "nixpkg",
      "systems": {
        "aarch64-darwin": {
          "outputs": [
            {
              "path": "/nix/store/8ds1amz0qjkqz6ydapsp4q2xiai4pni8-gdal-3.12.0",
              "default": true
            }
          ]
        }
      }
    },
    "github:NixOS/nixpkgs/nixpkgs-unstable": {
      "last_modified": "2025-12-19T06:18:24Z",
      "resolved": "github:NixOS/nixpkgs/7d853e518814cca2a657b72eeba67ae20ebf7059?lastModified=1766125104&narHash=sha256-l%2FYGrEpLromL4viUo5GmFH3K5M1j0Mb9O%2BLiaeCPWEM%3D"
    },
    "python3": {
      "plugin_version": "0.0.4",
      "resolved": "github:NixOS/nixpkgs/7d853e518814cca2a657b72eeba67ae20ebf7059?narHash=sha256-l%2FYGrEpLromL4viUo5GmFH3K5M1j0Mb9O%2BLiaeCPWEM%3D#python3",
      "source": "nixpkg",
      "systems": {
        "aarch64-darwin": {
          "outputs": [
            {
              "path": "/nix/store/xcjk9ill54kjk8mzgq6yydnx9015lidg-python3-3.13.9",
              "default": true
            }
          ]
        }
      }
    }
  }
}
